
Microsoft Visual Studio Solution File, Format Version 12.00
# Visual Studio 15
VisualStudioVersion = 15.0.27004.2002
MinimumVisualStudioVersion = 10.0.40219.1
Project("{FAE04EC0-301F-11D3-BF4B-00C04F79EFBC}") = "CRUDPOO", "CRUDPOO\CRUDPOO.csproj", "{D1B6491F-282A-43A4-A0AC-026BBCA0117A}"
EndProject
Global
	GlobalSection(SolutionConfigurationPlatforms) = preSolution
		Debug|Any CPU = Debug|Any CPU
		Release|Any CPU = Release|Any CPU
	EndGlobalSection
	GlobalSection(ProjectConfigurationPlatforms) = postSolution
		{D1B6491F-282A-43A4-A0AC-026BBCA0117A}.Debug|Any CPU.ActiveCfg = Debug|Any CPU
		{D1B6491F-282A-43A4-A0AC-026BBCA0117A}.Debug|Any CPU.Build.0 = Debug|Any CPU
		{D1B6491F-282A-43A4-A0AC-026BBCA0117A}.Release|Any CPU.ActiveCfg = Release|Any CPU
		{D1B6491F-282A-43A4-A0AC-026BBCA0117A}.Release|Any CPU.Build.0 = Release|Any CPU
	EndGlobalSection
	GlobalSection(SolutionProperties) = preSolution
		HideSolutionNode = FALSE
	EndGlobalSection
	GlobalSection(ExtensibilityGlobals) = postSolution
		SolutionGuid = {D62D3C0A-8503-4691-8BCE-D8C1F7F6B277}
	EndGlobalSection
EndGlobal
